<?xml version="1.0" encoding="utf-8"?>
<Project ToolsVersion="4.0" xmlns="http://schemas.microsoft.com/developer/msbuild/2003">
  <ItemGroup>
    <ClCompile Include="main.cpp" />
    <ClCompile Include="LoadObj.cpp">
      <Filter>Utility</Filter>
    </ClCompile>
    <ClCompile Include="Character.cpp">
      <Filter>Game</Filter>
    </ClCompile>
    <ClCompile Include="GameManager.cpp">
      <Filter>Game</Filter>
    </ClCompile>
    <ClCompile Include="GLBase.cpp">
      <Filter>OpenGL</Filter>
    </ClCompile>
    <ClCompile Include="App.cpp">
      <Filter>App</Filter>
    </ClCompile>
    <ClCompile Include="GLFrame.cpp">
      <Filter>OpenGL</Filter>
    </ClCompile>
  </ItemGroup>
  <ItemGroup>
    <Filter Include="Game">
      <UniqueIdentifier>{3fb8096f-2dd2-4d93-8da2-cc1bc6e97233}</UniqueIdentifier>
    </Filter>
    <Filter Include="Utility">
      <UniqueIdentifier>{6e05beea-3e73-42c7-aed4-ba39a0da858f}</UniqueIdentifier>
    </Filter>
    <Filter Include="OpenGL">
      <UniqueIdentifier>{af02d77a-829f-436f-a2f5-6f112e400791}</UniqueIdentifier>
    </Filter>
    <Filter Include="App">
      <UniqueIdentifier>{07e85b0c-004e-41b1-a12b-7a25cf423894}</UniqueIdentifier>
    </Filter>
  </ItemGroup>
  <ItemGroup>
    <ClInclude Include="LoadObj.h">
      <Filter>Utility</Filter>
    </ClInclude>
    <ClInclude Include="GraphicTypes.h">
      <Filter>Utility</Filter>
    </ClInclude>
    <ClInclude Include="Character.h">
      <Filter>Game</Filter>
    </ClInclude>
    <ClInclude Include="GameManager.h">
      <Filter>Game</Filter>
    </ClInclude>
    <ClInclude Include="GLBase.h">
      <Filter>OpenGL</Filter>
    </ClInclude>
    <ClInclude Include="App.h">
      <Filter>App</Filter>
    </ClInclude>
    <ClInclude Include="GLFrame.h">
      <Filter>OpenGL</Filter>
    </ClInclude>
  </ItemGroup>
</Project>